
Microsoft Visual Studio Solution File, Format Version 12.00
# Visual Studio Version 16
VisualStudioVersion = 16.0.33927.289
MinimumVisualStudioVersion = 10.0.40219.1
Project("{2150E333-8FDC-42A3-9474-1A3956D46DE8}") = "Task0", "Task0", "{300EE6CE-D37D-461A-9A5B-D64F2EF7C335}"
EndProject
Project("{FAE04EC0-301F-11D3-BF4B-00C04F79EFBC}") = "Tyuiu.KonyushevskyAA.Sprint3.Task0.V3", "Tyuiu.KonyushevskyAA.Sprint3.Task0.V3\Tyuiu.KonyushevskyAA.Sprint3.Task0.V3.csproj", "{B6BC144A-DBEB-4980-B821-9C7479B34FF7}"
EndProject
Project("{FAE04EC0-301F-11D3-BF4B-00C04F79EFBC}") = "Tyuiu.KonyushevskyAA.Sprint3.Task0.V3.Lib", "Tyuiu.KonyushevskyAA.Sprint3.Task0.V3.Lib\Tyuiu.KonyushevskyAA.Sprint3.Task0.V3.Lib.csproj", "{02BDEA91-71F0-4478-88D2-509678BF17AA}"
EndProject
Project("{FAE04EC0-301F-11D3-BF4B-00C04F79EFBC}") = "Tyuiu.KonyushevskyAA.Sprint3.Task0.V3.Test", "Tyuiu.KonyushevskyAA.Sprint3.Task0.V3.Test\Tyuiu.KonyushevskyAA.Sprint3.Task0.V3.Test.csproj", "{505C713B-BF95-449F-A10A-80979F10B001}"
EndProject
Project("{2150E333-8FDC-42A3-9474-1A3956D46DE8}") = "Task1", "Task1", "{F7D7D76C-5D1C-46F4-9366-BD6ED3B3C101}"
EndProject
Project("{FAE04EC0-301F-11D3-BF4B-00C04F79EFBC}") = "Tyuiu.KonyushevskyAA.Sprint3.Task1.V8", "Tyuiu.KonyushevskyAA.Sprint3.Task1.V8\Tyuiu.KonyushevskyAA.Sprint3.Task1.V8.csproj", "{29FF0690-E219-4B95-B17F-8C70D0C8AFB7}"
EndProject
Project("{FAE04EC0-301F-11D3-BF4B-00C04F79EFBC}") = "Tyuiu.KonyushevskyAA.Sprint3.Task1.V8.Lib", "Tyuiu.KonyushevskyAA.Sprint3.Task1.V8.Lib\Tyuiu.KonyushevskyAA.Sprint3.Task1.V8.Lib.csproj", "{52D898DE-1391-486B-AA83-99C5291F0738}"
EndProject
Project("{FAE04EC0-301F-11D3-BF4B-00C04F79EFBC}") = "Tyuiu.KonyushevskyAA.Sprint3.Task1.V8.Test", "Tyuiu.KonyushevskyAA.Sprint3.Task1.V8.Test\Tyuiu.KonyushevskyAA.Sprint3.Task1.V8.Test.csproj", "{84403874-D4FD-4EAA-92AC-2434CF042950}"
EndProject
Project("{2150E333-8FDC-42A3-9474-1A3956D46DE8}") = "Task2", "Task2", "{10DEE60B-E685-48C1-BBF8-2ED8757F4CC8}"
EndProject
Project("{FAE04EC0-301F-11D3-BF4B-00C04F79EFBC}") = "Tyuiu.KonyushevskyAA.Sprint3.Task2.V28", "Tyuiu.KonyushevskyAA.Sprint3.Task2.V28\Tyuiu.KonyushevskyAA.Sprint3.Task2.V28.csproj", "{7F780B9C-14CB-4CCB-9748-1291CD54BD2A}"
EndProject
Project("{FAE04EC0-301F-11D3-BF4B-00C04F79EFBC}") = "Tyuiu.KonyushevskyAA.Sprint3.Task2.V28.Lib", "Tyuiu.KonyushevskyAA.Sprint3.Task2.V28.Lib\Tyuiu.KonyushevskyAA.Sprint3.Task2.V28.Lib.csproj", "{EF6C220E-9DF0-4F26-BE72-3A15B6F9F448}"
EndProject
Project("{FAE04EC0-301F-11D3-BF4B-00C04F79EFBC}") = "Tyuiu.KonyushevskyAA.Sprint3.Task2.V28.Test", "Tyuiu.KonyushevskyAA.Sprint3.Task2.V28.Test\Tyuiu.KonyushevskyAA.Sprint3.Task2.V28.Test.csproj", "{C707EC99-B03D-4D6B-BA0F-6F79B26F229B}"
EndProject
Project("{2150E333-8FDC-42A3-9474-1A3956D46DE8}") = "Task3", "Task3", "{0212303C-B2F0-4716-80BC-CD8B9BC7ABA3}"
EndProject
Project("{FAE04EC0-301F-11D3-BF4B-00C04F79EFBC}") = "Tyuiu.KonyushevskyAA.Sprint3.Task3.V1", "Tyuiu.KonyushevskyAA.Sprint3.Task3.V1\Tyuiu.KonyushevskyAA.Sprint3.Task3.V1.csproj", "{3B4EF492-9FF0-417E-B9F9-519A2EA6356B}"
EndProject
Project("{FAE04EC0-301F-11D3-BF4B-00C04F79EFBC}") = "Tyuiu.KonyushevskyAA.Sprint3.Task3.V1.Lib", "Tyuiu.KonyushevskyAA.Sprint3.Task3.V1.Lib\Tyuiu.KonyushevskyAA.Sprint3.Task3.V1.Lib.csproj", "{56D1FC62-352A-4BEB-8FA6-437B83272220}"
EndProject
Project("{FAE04EC0-301F-11D3-BF4B-00C04F79EFBC}") = "Tyuiu.KonyushevskyAA.Sprint3.Task3.V1.Test", "Tyuiu.KonyushevskyAA.Sprint3.Task3.V1.Test\Tyuiu.KonyushevskyAA.Sprint3.Task3.V1.Test.csproj", "{F91749BA-B6E6-48BA-8B42-9234678F09BC}"
EndProject
Project("{2150E333-8FDC-42A3-9474-1A3956D46DE8}") = "Task4", "Task4", "{DD53CF55-5C96-4F2B-8DB0-41D1D73C4F4D}"
EndProject
Project("{FAE04EC0-301F-11D3-BF4B-00C04F79EFBC}") = "Tyuiu.KonyushevskyAA.Sprint3.Task4.V28", "Tyuiu.KonyushevskyAA.Sprint3.Task4.V28\Tyuiu.KonyushevskyAA.Sprint3.Task4.V28.csproj", "{263D062A-183D-48F5-A429-987A8E12A81D}"
EndProject
Project("{FAE04EC0-301F-11D3-BF4B-00C04F79EFBC}") = "Tyuiu.KonyushevskyAA.Sprint3.Task4.V28.Lib", "Tyuiu.KonyushevskyAA.Sprint3.Task4.V28.Lib\Tyuiu.KonyushevskyAA.Sprint3.Task4.V28.Lib.csproj", "{905C2030-3EE8-4E56-9403-F7C5E99AC650}"
EndProject
Project("{FAE04EC0-301F-11D3-BF4B-00C04F79EFBC}") = "Tyuiu.KonyushevskyAA.Sprint3.Task4.V28.Test", "Tyuiu.KonyushevskyAA.Sprint3.Task4.V28.Test\Tyuiu.KonyushevskyAA.Sprint3.Task4.V28.Test.csproj", "{F88A6F5B-FF68-4011-B712-73936A82335E}"
EndProject
Global
	GlobalSection(SolutionConfigurationPlatforms) = preSolution
		Debug|Any CPU = Debug|Any CPU
		Release|Any CPU = Release|Any CPU
	EndGlobalSection
	GlobalSection(ProjectConfigurationPlatforms) = postSolution
		{B6BC144A-DBEB-4980-B821-9C7479B34FF7}.Debug|Any CPU.ActiveCfg = Debug|Any CPU
		{B6BC144A-DBEB-4980-B821-9C7479B34FF7}.Debug|Any CPU.Build.0 = Debug|Any CPU
		{B6BC144A-DBEB-4980-B821-9C7479B34FF7}.Release|Any CPU.ActiveCfg = Release|Any CPU
		{B6BC144A-DBEB-4980-B821-9C7479B34FF7}.Release|Any CPU.Build.0 = Release|Any CPU
		{02BDEA91-71F0-4478-88D2-509678BF17AA}.Debug|Any CPU.ActiveCfg = Debug|Any CPU
		{02BDEA91-71F0-4478-88D2-509678BF17AA}.Debug|Any CPU.Build.0 = Debug|Any CPU
		{02BDEA91-71F0-4478-88D2-509678BF17AA}.Release|Any CPU.ActiveCfg = Release|Any CPU
		{02BDEA91-71F0-4478-88D2-509678BF17AA}.Release|Any CPU.Build.0 = Release|Any CPU
		{505C713B-BF95-449F-A10A-80979F10B001}.Debug|Any CPU.ActiveCfg = Debug|Any CPU
		{505C713B-BF95-449F-A10A-80979F10B001}.Debug|Any CPU.Build.0 = Debug|Any CPU
		{505C713B-BF95-449F-A10A-80979F10B001}.Release|Any CPU.ActiveCfg = Release|Any CPU
		{505C713B-BF95-449F-A10A-80979F10B001}.Release|Any CPU.Build.0 = Release|Any CPU
		{29FF0690-E219-4B95-B17F-8C70D0C8AFB7}.Debug|Any CPU.ActiveCfg = Debug|Any CPU
		{29FF0690-E219-4B95-B17F-8C70D0C8AFB7}.Debug|Any CPU.Build.0 = Debug|Any CPU
		{29FF0690-E219-4B95-B17F-8C70D0C8AFB7}.Release|Any CPU.ActiveCfg = Release|Any CPU
		{29FF0690-E219-4B95-B17F-8C70D0C8AFB7}.Release|Any CPU.Build.0 = Release|Any CPU
		{52D898DE-1391-486B-AA83-99C5291F0738}.Debug|Any CPU.ActiveCfg = Debug|Any CPU
		{52D898DE-1391-486B-AA83-99C5291F0738}.Debug|Any CPU.Build.0 = Debug|Any CPU
		{52D898DE-1391-486B-AA83-99C5291F0738}.Release|Any CPU.ActiveCfg = Release|Any CPU
		{52D898DE-1391-486B-AA83-99C5291F0738}.Release|Any CPU.Build.0 = Release|Any CPU
		{84403874-D4FD-4EAA-92AC-2434CF042950}.Debug|Any CPU.ActiveCfg = Debug|Any CPU
		{84403874-D4FD-4EAA-92AC-2434CF042950}.Debug|Any CPU.Build.0 = Debug|Any CPU
		{84403874-D4FD-4EAA-92AC-2434CF042950}.Release|Any CPU.ActiveCfg = Release|Any CPU
		{84403874-D4FD-4EAA-92AC-2434CF042950}.Release|Any CPU.Build.0 = Release|Any CPU
		{7F780B9C-14CB-4CCB-9748-1291CD54BD2A}.Debug|Any CPU.ActiveCfg = Debug|Any CPU
		{7F780B9C-14CB-4CCB-9748-1291CD54BD2A}.Debug|Any CPU.Build.0 = Debug|Any CPU
		{7F780B9C-14CB-4CCB-9748-1291CD54BD2A}.Release|Any CPU.ActiveCfg = Release|Any CPU
		{7F780B9C-14CB-4CCB-9748-1291CD54BD2A}.Release|Any CPU.Build.0 = Release|Any CPU
		{EF6C220E-9DF0-4F26-BE72-3A15B6F9F448}.Debug|Any CPU.ActiveCfg = Debug|Any CPU
		{EF6C220E-9DF0-4F26-BE72-3A15B6F9F448}.Debug|Any CPU.Build.0 = Debug|Any CPU
		{EF6C220E-9DF0-4F26-BE72-3A15B6F9F448}.Release|Any CPU.ActiveCfg = Release|Any CPU
		{EF6C220E-9DF0-4F26-BE72-3A15B6F9F448}.Release|Any CPU.Build.0 = Release|Any CPU
		{C707EC99-B03D-4D6B-BA0F-6F79B26F229B}.Debug|Any CPU.ActiveCfg = Debug|Any CPU
		{C707EC99-B03D-4D6B-BA0F-6F79B26F229B}.Debug|Any CPU.Build.0 = Debug|Any CPU
		{C707EC99-B03D-4D6B-BA0F-6F79B26F229B}.Release|Any CPU.ActiveCfg = Release|Any CPU
		{C707EC99-B03D-4D6B-BA0F-6F79B26F229B}.Release|Any CPU.Build.0 = Release|Any CPU
		{3B4EF492-9FF0-417E-B9F9-519A2EA6356B}.Debug|Any CPU.ActiveCfg = Debug|Any CPU
		{3B4EF492-9FF0-417E-B9F9-519A2EA6356B}.Debug|Any CPU.Build.0 = Debug|Any CPU
		{3B4EF492-9FF0-417E-B9F9-519A2EA6356B}.Release|Any CPU.ActiveCfg = Release|Any CPU
		{3B4EF492-9FF0-417E-B9F9-519A2EA6356B}.Release|Any CPU.Build.0 = Release|Any CPU
		{56D1FC62-352A-4BEB-8FA6-437B83272220}.Debug|Any CPU.ActiveCfg = Debug|Any CPU
		{56D1FC62-352A-4BEB-8FA6-437B83272220}.Debug|Any CPU.Build.0 = Debug|Any CPU
		{56D1FC62-352A-4BEB-8FA6-437B83272220}.Release|Any CPU.ActiveCfg = Release|Any CPU
		{56D1FC62-352A-4BEB-8FA6-437B83272220}.Release|Any CPU.Build.0 = Release|Any CPU
		{F91749BA-B6E6-48BA-8B42-9234678F09BC}.Debug|Any CPU.ActiveCfg = Debug|Any CPU
		{F91749BA-B6E6-48BA-8B42-9234678F09BC}.Debug|Any CPU.Build.0 = Debug|Any CPU
		{F91749BA-B6E6-48BA-8B42-9234678F09BC}.Release|Any CPU.ActiveCfg = Release|Any CPU
		{F91749BA-B6E6-48BA-8B42-9234678F09BC}.Release|Any CPU.Build.0 = Release|Any CPU
		{263D062A-183D-48F5-A429-987A8E12A81D}.Debug|Any CPU.ActiveCfg = Debug|Any CPU
		{263D062A-183D-48F5-A429-987A8E12A81D}.Debug|Any CPU.Build.0 = Debug|Any CPU
		{263D062A-183D-48F5-A429-987A8E12A81D}.Release|Any CPU.ActiveCfg = Release|Any CPU
		{263D062A-183D-48F5-A429-987A8E12A81D}.Release|Any CPU.Build.0 = Release|Any CPU
		{905C2030-3EE8-4E56-9403-F7C5E99AC650}.Debug|Any CPU.ActiveCfg = Debug|Any CPU
		{905C2030-3EE8-4E56-9403-F7C5E99AC650}.Debug|Any CPU.Build.0 = Debug|Any CPU
		{905C2030-3EE8-4E56-9403-F7C5E99AC650}.Release|Any CPU.ActiveCfg = Release|Any CPU
		{905C2030-3EE8-4E56-9403-F7C5E99AC650}.Release|Any CPU.Build.0 = Release|Any CPU
		{F88A6F5B-FF68-4011-B712-73936A82335E}.Debug|Any CPU.ActiveCfg = Debug|Any CPU
		{F88A6F5B-FF68-4011-B712-73936A82335E}.Debug|Any CPU.Build.0 = Debug|Any CPU
		{F88A6F5B-FF68-4011-B712-73936A82335E}.Release|Any CPU.ActiveCfg = Release|Any CPU
		{F88A6F5B-FF68-4011-B712-73936A82335E}.Release|Any CPU.Build.0 = Release|Any CPU
	EndGlobalSection
	GlobalSection(SolutionProperties) = preSolution
		HideSolutionNode = FALSE
	EndGlobalSection
	GlobalSection(NestedProjects) = preSolution
		{B6BC144A-DBEB-4980-B821-9C7479B34FF7} = {300EE6CE-D37D-461A-9A5B-D64F2EF7C335}
		{02BDEA91-71F0-4478-88D2-509678BF17AA} = {300EE6CE-D37D-461A-9A5B-D64F2EF7C335}
		{505C713B-BF95-449F-A10A-80979F10B001} = {300EE6CE-D37D-461A-9A5B-D64F2EF7C335}
		{29FF0690-E219-4B95-B17F-8C70D0C8AFB7} = {F7D7D76C-5D1C-46F4-9366-BD6ED3B3C101}
		{52D898DE-1391-486B-AA83-99C5291F0738} = {F7D7D76C-5D1C-46F4-9366-BD6ED3B3C101}
		{84403874-D4FD-4EAA-92AC-2434CF042950} = {F7D7D76C-5D1C-46F4-9366-BD6ED3B3C101}
		{7F780B9C-14CB-4CCB-9748-1291CD54BD2A} = {10DEE60B-E685-48C1-BBF8-2ED8757F4CC8}
		{EF6C220E-9DF0-4F26-BE72-3A15B6F9F448} = {10DEE60B-E685-48C1-BBF8-2ED8757F4CC8}
		{C707EC99-B03D-4D6B-BA0F-6F79B26F229B} = {10DEE60B-E685-48C1-BBF8-2ED8757F4CC8}
		{3B4EF492-9FF0-417E-B9F9-519A2EA6356B} = {0212303C-B2F0-4716-80BC-CD8B9BC7ABA3}
		{56D1FC62-352A-4BEB-8FA6-437B83272220} = {0212303C-B2F0-4716-80BC-CD8B9BC7ABA3}
		{F91749BA-B6E6-48BA-8B42-9234678F09BC} = {0212303C-B2F0-4716-80BC-CD8B9BC7ABA3}
		{263D062A-183D-48F5-A429-987A8E12A81D} = {DD53CF55-5C96-4F2B-8DB0-41D1D73C4F4D}
		{905C2030-3EE8-4E56-9403-F7C5E99AC650} = {DD53CF55-5C96-4F2B-8DB0-41D1D73C4F4D}
		{F88A6F5B-FF68-4011-B712-73936A82335E} = {DD53CF55-5C96-4F2B-8DB0-41D1D73C4F4D}
	EndGlobalSection
	GlobalSection(ExtensibilityGlobals) = postSolution
		SolutionGuid = {BD24362B-C786-44D9-96D9-7FE6A447DCA7}
	EndGlobalSection
EndGlobal
